{
  "version": 4,
  "terraform_version": "1.15.9",
  "serial": 3,
  "lineage": "77e1ad2f-1ca4-1450-f024-eded78da62af",
  "outputs": {
    "aws_internet_gateway_id": {
      "value": "igw-04a1f274ffba54f49",
      "type": "string"
    },
    "vpc_arn": {
      "value": "arn:aws:ec2:us-east-1:377100337993:vpc/vpc-0f7a98583e5f5b04d",
      "type": "string"
    },
    "vpc_id": {
      "value": "vpc-0f7a98583e5f5b04d",
      "type": "string"
    }
  },
  "resources": [
    {
      "module": "module.vpc",
      "mode": "managed",
      "type": "aws_internet_gateway",
      "name": "name",
      "provider": "provider[\"registry.terraform.io/hashicorp/aws\"]",
      "instances": [
        {
          "schema_version": 0,
          "attributes": {
            "arn": "arn:aws:ec2:us-east-1:377100337993:internet-gateway/igw-04a1f274ffba54f49",
            "id": "igw-04a1f274ffba54f49",
            "owner_id": "377100337993",
            "region": "us-east-1",
            "tags": {
              "Name": "prod-vpc"
            },
            "tags_all": {
              "Name": "prod-vpc"
            },
            "timeouts": null,
            "vpc_id": "vpc-0f7a98583e5f5b04d"
          },
          "sensitive_attributes": [],
          "identity_schema_version": 0,
          "identity": {
            "account_id": "377100337993",
            "id": "igw-04a1f274ffba54f49",
            "region": "us-east-1"
          },
          "private": "eyJlMmJmYjczMC1lY2FhLTExZTYtOGY4OC0zNDM2M2JjN2M0YzAiOnsiY3JlYXRlIjoxMjAwMDAwMDAwMDAwLCJkZWxldGUiOjEyMDAwMDAwMDAwMDAsInVwZGF0ZSI6MTIwMDAwMDAwMDAwMH19",
          "dependencies": [
            "module.vpc.aws_vpc.name"
          ]
        }
      ]
    },
    {
      "module": "module.vpc",
      "mode": "managed",
      "type": "aws_vpc",
      "name": "name",
      "provider": "provider[\"registry.terraform.io/hashicorp/aws\"]",
      "instances": [
        {
          "schema_version": 1,
          "attributes": {
            "arn": "arn:aws:ec2:us-east-1:377100337993:vpc/vpc-0f7a98583e5f5b04d",
            "assign_generated_ipv6_cidr_block": false,
            "cidr_block": "172.120.0.0/16",
            "default_network_acl_id": "acl-06754fce29d6a14ff",
            "default_route_table_id": "rtb-0033caeebc720b56c",
            "default_security_group_id": "sg-06d6c4f83871b52e3",
            "dhcp_options_id": "dopt-06b00ffbd3d378359",
            "enable_dns_hostnames": false,
            "enable_dns_support": true,
            "enable_network_address_usage_metrics": false,
            "id": "vpc-0f7a98583e5f5b04d",
            "instance_tenancy": "default",
            "ipv4_ipam_pool_id": null,
            "ipv4_netmask_length": null,
            "ipv6_association_id": "",
            "ipv6_cidr_block": "",
            "ipv6_cidr_block_network_border_group": "",
            "ipv6_ipam_pool_id": "",
            "ipv6_netmask_length": 0,
            "main_route_table_id": "rtb-0033caeebc720b56c",
            "owner_id": "377100337993",
            "region": "us-east-1",
            "tags": {
              "Name": "prod-vpc"
            },
            "tags_all": {
              "Name": "prod-vpc"
            }
          },
          "sensitive_attributes": [],
          "identity_schema_version": 0,
          "identity": {
            "account_id": "377100337993",
            "id": "vpc-0f7a98583e5f5b04d",
            "region": "us-east-1"
          },
          "private": "eyJzY2hlbWFfdmVyc2lvbiI6IjEifQ=="
        }
      ]
    }
  ],
  "check_results": null
}
